
Microsoft Visual Studio Solution File, Format Version 12.00
# Visual Studio 15
VisualStudioVersion = 15.0.28307.168
MinimumVisualStudioVersion = 10.0.40219.1
Project("{888888A0-9F3D-457C-B088-3A5042F75D52}") = "deepLabV3_Inference_GUI", "deepLabV3_Inference_GUI.pyproj", "{3EE15C3E-6C58-4254-9453-59A6C507FC00}"
EndProject
Global
	GlobalSection(SolutionConfigurationPlatforms) = preSolution
		Debug|Any CPU = Debug|Any CPU
		Release|Any CPU = Release|Any CPU
	EndGlobalSection
	GlobalSection(ProjectConfigurationPlatforms) = postSolution
		{3EE15C3E-6C58-4254-9453-59A6C507FC00}.Debug|Any CPU.ActiveCfg = Debug|Any CPU
		{3EE15C3E-6C58-4254-9453-59A6C507FC00}.Release|Any CPU.ActiveCfg = Release|Any CPU
	EndGlobalSection
	GlobalSection(SolutionProperties) = preSolution
		HideSolutionNode = FALSE
	EndGlobalSection
	GlobalSection(ExtensibilityGlobals) = postSolution
		SolutionGuid = {CD1C8A3E-C8A5-4867-84D9-C948A4EF3D1F}
	EndGlobalSection
EndGlobal
